Microsoft Visual Studio Solution File, Format Version 11.00
# Visual Studio 2008

Project("{F7491CBA-5547-150D-FCB8-FE354B1F7876}") = "UnityClaro_05_Enero_01", "Assembly-CSharp-firstpass.csproj", "{D7442CE8-FFA4-662D-B372-ED1D1990C249}"
EndProject
Project("{F7491CBA-5547-150D-FCB8-FE354B1F7876}") = "UnityClaro_05_Enero_01", "Assembly-CSharp.csproj", "{8FB40D2D-F7CE-F1E1-7B96-02B5E4B39B5B}"
EndProject
Project("{F7491CBA-5547-150D-FCB8-FE354B1F7876}") = "UnityClaro_05_Enero_01", "Assembly-CSharp-Editor.csproj", "{6FCD34BE-866D-CAD8-D4A7-D77B474367CC}"
EndProject
Global
	GlobalSection(SolutionConfigurationPlatforms) = preSolution
		Debug|Any CPU = Debug|Any CPU
		Release|Any CPU = Release|Any CPU
	EndGlobalSection
	GlobalSection(ProjectConfigurationPlatforms) = postSolution
		{D7442CE8-FFA4-662D-B372-ED1D1990C249}.Debug|Any CPU.ActiveCfg = Debug|Any CPU
		{D7442CE8-FFA4-662D-B372-ED1D1990C249}.Debug|Any CPU.Build.0 = Debug|Any CPU
		{D7442CE8-FFA4-662D-B372-ED1D1990C249}.Release|Any CPU.ActiveCfg = Release|Any CPU
		{D7442CE8-FFA4-662D-B372-ED1D1990C249}.Release|Any CPU.Build.0 = Release|Any CPU
		{8FB40D2D-F7CE-F1E1-7B96-02B5E4B39B5B}.Debug|Any CPU.ActiveCfg = Debug|Any CPU
		{8FB40D2D-F7CE-F1E1-7B96-02B5E4B39B5B}.Debug|Any CPU.Build.0 = Debug|Any CPU
		{8FB40D2D-F7CE-F1E1-7B96-02B5E4B39B5B}.Release|Any CPU.ActiveCfg = Release|Any CPU
		{8FB40D2D-F7CE-F1E1-7B96-02B5E4B39B5B}.Release|Any CPU.Build.0 = Release|Any CPU
		{6FCD34BE-866D-CAD8-D4A7-D77B474367CC}.Debug|Any CPU.ActiveCfg = Debug|Any CPU
		{6FCD34BE-866D-CAD8-D4A7-D77B474367CC}.Debug|Any CPU.Build.0 = Debug|Any CPU
		{6FCD34BE-866D-CAD8-D4A7-D77B474367CC}.Release|Any CPU.ActiveCfg = Release|Any CPU
		{6FCD34BE-866D-CAD8-D4A7-D77B474367CC}.Release|Any CPU.Build.0 = Release|Any CPU
	EndGlobalSection
	GlobalSection(SolutionProperties) = preSolution
		HideSolutionNode = FALSE
	EndGlobalSection
	GlobalSection(MonoDevelopProperties) = preSolution
		StartupItem = Assembly-CSharp.csproj
		Policies = $0
		$0.TextStylePolicy = $1
		$1.inheritsSet = null
		$1.scope = text/x-csharp
		$0.CSharpFormattingPolicy = $2
		$2.inheritsSet = Mono
		$2.inheritsScope = text/x-csharp
		$2.scope = text/x-csharp
		$0.TextStylePolicy = $3
		$3.FileWidth = 120
		$3.TabWidth = 4
		$3.IndentWidth = 4
		$3.EolMarker = Unix
		$3.inheritsSet = Mono
		$3.inheritsScope = text/plain
		$3.scope = text/plain
	EndGlobalSection
EndGlobal
